// !$*UTF8*$!
{
	archiveVersion = 1;
	classes = {
	};
	objectVersion = 77;
	objects = {

/* Begin PBXBuildFile section */
		E8F79F8C2F30184100F51450 /* game_engine.cpp in Sources */ = {isa = PBXBuildFile; fileRef = E8F79F8B2F30184100F51450 /* game_engine.cpp */; };
		E8F79F902F30187800F51450 /* main.cpp in Sources */ = {isa = PBXBuildFile; fileRef = E8F79F8F2F30187800F51450 /* main.cpp */; };
/* End PBXBuildFile section */

/* Begin PBXCopyFilesBuildPhase section */
		E8F79F7C2F3015AA00F51450 /* CopyFiles */ = {
			isa = PBXCopyFilesBuildPhase;
			buildActionMask = 2147483647;
			dstPath = /usr/share/man/man1/;
			dstSubfolderSpec = 0;
			files = (
			);
			runOnlyForDeploymentPostprocessing = 1;
		};
/* End PBXCopyFilesBuildPhase section */

/* Begin PBXFileReference section */
		E8F79F7E2F3015AA00F51450 /* game_engine */ = {isa = PBXFileReference; explicitFileType = "compiled.mach-o.executable"; includeInIndex = 0; path = game_engine; sourceTree = BUILT_PRODUCTS_DIR; };
		E8F79F882F3017BC00F51450 /* game_engine.xcodeproj */ = {isa = PBXFileReference; lastKnownFileType = "wrapper.pb-project"; path = game_engine.xcodeproj; sourceTree = "<group>"; };
		E8F79F8B2F30184100F51450 /* game_engine.cpp */ = {isa = PBXFileReference; lastKnownFileType = sourcecode.cpp.cpp; path = game_engine.cpp; sourceTree = "<group>"; };
		E8F79F8D2F30185500F51450 /* game_utils.h */ = {isa = PBXFileReference; lastKnownFileType = sourcecode.c.h; path = game_utils.h; sourceTree = "<group>"; };
		E8F79F8E2F30186400F51450 /* json_paraser.h */ = {isa = PBXFileReference; lastKnownFileType = sourcecode.c.h; path = json_paraser.h; sourceTree = "<group>"; };
		E8F79F8F2F30187800F51450 /* main.cpp */ = {isa = PBXFileReference; lastKnownFileType = sourcecode.cpp.cpp; path = main.cpp; sourceTree = "<group>"; };
		E8F79F912F3018A400F51450 /* resource.h */ = {isa = PBXFileReference; lastKnownFileType = sourcecode.c.h; path = resource.h; sourceTree = "<group>"; };
		E8F79F922F3018A400F51450 /* scene_db.h */ = {isa = PBXFileReference; lastKnownFileType = sourcecode.c.h; path = scene_db.h; sourceTree = "<group>"; };
		E8F79F932F3018A400F51450 /* template_db.h */ = {isa = PBXFileReference; lastKnownFileType = sourcecode.c.h; path = template_db.h; sourceTree = "<group>"; };
/* End PBXFileReference section */

/* Begin PBXFileSystemSynchronizedRootGroup section */
		E8F79F802F3015AA00F51450 /* game_engine */ = {
			isa = PBXFileSystemSynchronizedRootGroup;
			path = game_engine;
			sourceTree = "<group>";
		};
/* End PBXFileSystemSynchronizedRootGroup section */

/* Begin PBXFrameworksBuildPhase section */
		E8F79F7B2F3015AA00F51450 /* Frameworks */ = {
			isa = PBXFrameworksBuildPhase;
			buildActionMask = 2147483647;
			files = (
			);
			runOnlyForDeploymentPostprocessing = 0;
		};
/* End PBXFrameworksBuildPhase section */

/* Begin PBXGroup section */
		E8F79F752F3015AA00F51450 = {
			isa = PBXGroup;
			children = (
				E8F79F912F3018A400F51450 /* resource.h */,
				E8F79F922F3018A400F51450 /* scene_db.h */,
				E8F79F932F3018A400F51450 /* template_db.h */,
				E8F79F8F2F30187800F51450 /* main.cpp */,
				E8F79F8E2F30186400F51450 /* json_paraser.h */,
				E8F79F8D2F30185500F51450 /* game_utils.h */,
				E8F79F8B2F30184100F51450 /* game_engine.cpp */,
				E8F79F802F3015AA00F51450 /* game_engine */,
				E8F79F7F2F3015AA00F51450 /* Products */,
			);
			sourceTree = "<group>";
		};
		E8F79F7F2F3015AA00F51450 /* Products */ = {
			isa = PBXGroup;
			children = (
				E8F79F7E2F3015AA00F51450 /* game_engine */,
			);
			name = Products;
			sourceTree = "<group>";
		};
		E8F79F892F3017BC00F51450 /* Products */ = {
			isa = PBXGroup;
			name = Products;
			sourceTree = "<group>";
		};
/* End PBXGroup section */

/* Begin PBXNativeTarget section */
		E8F79F7D2F3015AA00F51450 /* game_engine */ = {
			isa = PBXNativeTarget;
			buildConfigurationList = E8F79F852F3015AA00F51450 /* Build configuration list for PBXNativeTarget "game_engine" */;
			buildPhases = (
				E8F79F7A2F3015AA00F51450 /* Sources */,
				E8F79F7B2F3015AA00F51450 /* Frameworks */,
				E8F79F7C2F3015AA00F51450 /* CopyFiles */,
			);
			buildRules = (
			);
			dependencies = (
			);
			fileSystemSynchronizedGroups = (
				E8F79F802F3015AA00F51450 /* game_engine */,
			);
			name = game_engine;
			packageProductDependencies = (
			);
			productName = game_engine;
			productReference = E8F79F7E2F3015AA00F51450 /* game_engine */;
			productType = "com.apple.product-type.tool";
		};
/* End PBXNativeTarget section */

/* Begin PBXProject section */
		E8F79F762F3015AA00F51450 /* Project object */ = {
			isa = PBXProject;
			attributes = {
				BuildIndependentTargetsInParallel = 1;
				LastUpgradeCheck = 2620;
				TargetAttributes = {
					E8F79F7D2F3015AA00F51450 = {
						CreatedOnToolsVersion = 26.2;
					};
				};
			};
			buildConfigurationList = E8F79F792F3015AA00F51450 /* Build configuration list for PBXProject "game_engine" */;
			developmentRegion = en;
			hasScannedForEncodings = 0;
			knownRegions = (
				en,
				Base,
			);
			mainGroup = E8F79F752F3015AA00F51450;
			minimizedProjectReferenceProxies = 1;
			preferredProjectObjectVersion = 77;
			productRefGroup = E8F79F7F2F3015AA00F51450 /* Products */;
			projectDirPath = "";
			projectReferences = (
				{
					ProductGroup = E8F79F892F3017BC00F51450 /* Products */;
					ProjectRef = E8F79F882F3017BC00F51450 /* game_engine.xcodeproj */;
				},
			);
			projectRoot = "";
			targets = (
				E8F79F7D2F3015AA00F51450 /* game_engine */,
			);
		};
/* End PBXProject section */

/* Begin PBXSourcesBuildPhase section */
		E8F79F7A2F3015AA00F51450 /* Sources */ = {
			isa = PBXSourcesBuildPhase;
			buildActionMask = 2147483647;
			files = (
				E8F79F902F30187800F51450 /* main.cpp in Sources */,
				E8F79F8C2F30184100F51450 /* game_engine.cpp in Sources */,
			);
			runOnlyForDeploymentPostprocessing = 0;
		};
/* End PBXSourcesBuildPhase section */

/* Begin XCBuildConfiguration section */
		E8F79F832F3015AA00F51450 /* Debug */ = {
			isa = XCBuildConfiguration;
			buildSettings = {
				ALWAYS_SEARCH_USER_PATHS = NO;
				ASSETCATALOG_COMPILER_GENERATE_SWIFT_ASSET_SYMBOL_EXTENSIONS = YES;
				CLANG_ANALYZER_NONNULL = YES;
				CLANG_ANALYZER_NUMBER_OBJECT_CONVERSION = YES_AGGRESSIVE;
				CLANG_CXX_LANGUAGE_STANDARD = "gnu++20";
				CLANG_ENABLE_MODULES = YES;
				CLANG_ENABLE_OBJC_ARC = YES;
				CLANG_ENABLE_OBJC_WEAK = YES;
				CLANG_WARN_BLOCK_CAPTURE_AUTORELEASING = YES;
				CLANG_WARN_BOOL_CONVERSION = YES;
				CLANG_WARN_COMMA = YES;
				CLANG_WARN_CONSTANT_CONVERSION = YES;
				CLANG_WARN_DEPRECATED_OBJC_IMPLEMENTATIONS = YES;
				CLANG_WARN_DIRECT_OBJC_ISA_USAGE = YES_ERROR;
				CLANG_WARN_DOCUMENTATION_COMMENTS = YES;
				CLANG_WARN_EMPTY_BODY = YES;
				CLANG_WARN_ENUM_CONVERSION = YES;
				CLANG_WARN_INFINITE_RECURSION = YES;
				CLANG_WARN_INT_CONVERSION = YES;
				CLANG_WARN_NON_LITERAL_NULL_CONVERSION = YES;
				CLANG_WARN_OBJC_IMPLICIT_RETAIN_SELF = YES;
				CLANG_WARN_OBJC_LITERAL_CONVERSION = YES;
				CLANG_WARN_OBJC_ROOT_CLASS = YES_ERROR;
				CLANG_WARN_QUOTED_INCLUDE_IN_FRAMEWORK_HEADER = YES;
				CLANG_WARN_RANGE_LOOP_ANALYSIS = YES;
				CLANG_WARN_STRICT_PROTOTYPES = YES;
				CLANG_WARN_SUSPICIOUS_MOVE = YES;
				CLANG_WARN_UNGUARDED_AVAILABILITY = YES_AGGRESSIVE;
				CLANG_WARN_UNREACHABLE_CODE = YES;
				CLANG_WARN__DUPLICATE_METHOD_MATCH = YES;
				COPY_PHASE_STRIP = NO;
				DEBUG_INFORMATION_FORMAT = dwarf;
				DEVELOPMENT_TEAM = 3V8JQALL6Q;
				ENABLE_STRICT_OBJC_MSGSEND = YES;
				ENABLE_TESTABILITY = YES;
				ENABLE_USER_SCRIPT_SANDBOXING = YES;
				GCC_C_LANGUAGE_STANDARD = gnu17;
				GCC_DYNAMIC_NO_PIC = NO;
				GCC_NO_COMMON_BLOCKS = YES;
				GCC_OPTIMIZATION_LEVEL = 0;
				GCC_PREPROCESSOR_DEFINITIONS = (
					"DEBUG=1",
					"$(inherited)",
				);
				GCC_WARN_64_TO_32_BIT_CONVERSION = YES;
				GCC_WARN_ABOUT_RETURN_TYPE = YES_ERROR;
				GCC_WARN_UNDECLARED_SELECTOR = YES;
				GCC_WARN_UNINITIALIZED_AUTOS = YES_AGGRESSIVE;
				GCC_WARN_UNUSED_FUNCTION = YES;
				GCC_WARN_UNUSED_VARIABLE = YES;
				LOCALIZATION_PREFERS_STRING_CATALOGS = YES;
				MACOSX_DEPLOYMENT_TARGET = 15.7;
				MTL_ENABLE_DEBUG_INFO = INCLUDE_SOURCE;
				MTL_FAST_MATH = YES;
				ONLY_ACTIVE_ARCH = YES;
				SDKROOT = macosx;
			};
			name = Debug;
		};
		E8F79F842F3015AA00F51450 /* Release */ = {
			isa = XCBuildConfiguration;
			buildSettings = {
				ALWAYS_SEARCH_USER_PATHS = NO;
				ASSETCATALOG_COMPILER_GENERATE_SWIFT_ASSET_SYMBOL_EXTENSIONS = YES;
				CLANG_ANALYZER_NONNULL = YES;
				CLANG_ANALYZER_NUMBER_OBJECT_CONVERSION = YES_AGGRESSIVE;
				CLANG_CXX_LANGUAGE_STANDARD = "gnu++20";
				CLANG_ENABLE_MODULES = YES;
				CLANG_ENABLE_OBJC_ARC = YES;
				CLANG_ENABLE_OBJC_WEAK = YES;
				CLANG_WARN_BLOCK_CAPTURE_AUTORELEASING = YES;
				CLANG_WARN_BOOL_CONVERSION = YES;
				CLANG_WARN_COMMA = YES;
				CLANG_WARN_CONSTANT_CONVERSION = YES;
				CLANG_WARN_DEPRECATED_OBJC_IMPLEMENTATIONS = YES;
				CLANG_WARN_DIRECT_OBJC_ISA_USAGE = YES_ERROR;
				CLANG_WARN_DOCUMENTATION_COMMENTS = YES;
				CLANG_WARN_EMPTY_BODY = YES;
				CLANG_WARN_ENUM_CONVERSION = YES;
				CLANG_WARN_INFINITE_RECURSION = YES;
				CLANG_WARN_INT_CONVERSION = YES;
				CLANG_WARN_NON_LITERAL_NULL_CONVERSION = YES;
				CLANG_WARN_OBJC_IMPLICIT_RETAIN_SELF = YES;
				CLANG_WARN_OBJC_LITERAL_CONVERSION = YES;
				CLANG_WARN_OBJC_ROOT_CLASS = YES_ERROR;
				CLANG_WARN_QUOTED_INCLUDE_IN_FRAMEWORK_HEADER = YES;
				CLANG_WARN_RANGE_LOOP_ANALYSIS = YES;
				CLANG_WARN_STRICT_PROTOTYPES = YES;
				CLANG_WARN_SUSPICIOUS_MOVE = YES;
				CLANG_WARN_UNGUARDED_AVAILABILITY = YES_AGGRESSIVE;
				CLANG_WARN_UNREACHABLE_CODE = YES;
				CLANG_WARN__DUPLICATE_METHOD_MATCH = YES;
				COPY_PHASE_STRIP = NO;
				DEBUG_INFORMATION_FORMAT = "dwarf-with-dsym";
				DEVELOPMENT_TEAM = 3V8JQALL6Q;
				ENABLE_NS_ASSERTIONS = NO;
				ENABLE_STRICT_OBJC_MSGSEND = YES;
				ENABLE_USER_SCRIPT_SANDBOXING = YES;
				GCC_C_LANGUAGE_STANDARD = gnu17;
				GCC_NO_COMMON_BLOCKS = YES;
				GCC_WARN_64_TO_32_BIT_CONVERSION = YES;
				GCC_WARN_ABOUT_RETURN_TYPE = YES_ERROR;
				GCC_WARN_UNDECLARED_SELECTOR = YES;
				GCC_WARN_UNINITIALIZED_AUTOS = YES_AGGRESSIVE;
				GCC_WARN_UNUSED_FUNCTION = YES;
				GCC_WARN_UNUSED_VARIABLE = YES;
				LOCALIZATION_PREFERS_STRING_CATALOGS = YES;
				MACOSX_DEPLOYMENT_TARGET = 15.7;
				MTL_ENABLE_DEBUG_INFO = NO;
				MTL_FAST_MATH = YES;
				SDKROOT = macosx;
			};
			name = Release;
		};
		E8F79F862F3015AA00F51450 /* Debug */ = {
			isa = XCBuildConfiguration;
			buildSettings = {
				CODE_SIGN_STYLE = Automatic;
				DEVELOPMENT_TEAM = 3V8JQALL6Q;
				ENABLE_HARDENED_RUNTIME = YES;
				HEADER_SEARCH_PATHS = "$(PROJECT_DIR)";
				PRODUCT_NAME = "$(TARGET_NAME)";
			};
			name = Debug;
		};
		E8F79F872F3015AA00F51450 /* Release */ = {
			isa = XCBuildConfiguration;
			buildSettings = {
				CODE_SIGN_STYLE = Automatic;
				DEVELOPMENT_TEAM = 3V8JQALL6Q;
				ENABLE_HARDENED_RUNTIME = YES;
				HEADER_SEARCH_PATHS = "$(PROJECT_DIR)";
				PRODUCT_NAME = "$(TARGET_NAME)";
			};
			name = Release;
		};
/* End XCBuildConfiguration section */

/* Begin XCConfigurationList section */
		E8F79F792F3015AA00F51450 /* Build configuration list for PBXProject "game_engine" */ = {
			isa = XCConfigurationList;
			buildConfigurations = (
				E8F79F832F3015AA00F51450 /* Debug */,
				E8F79F842F3015AA00F51450 /* Release */,
			);
			defaultConfigurationIsVisible = 0;
			defaultConfigurationName = Release;
		};
		E8F79F852F3015AA00F51450 /* Build configuration list for PBXNativeTarget "game_engine" */ = {
			isa = XCConfigurationList;
			buildConfigurations = (
				E8F79F862F3015AA00F51450 /* Debug */,
				E8F79F872F3015AA00F51450 /* Release */,
			);
			defaultConfigurationIsVisible = 0;
			defaultConfigurationName = Release;
		};
/* End XCConfigurationList section */
	};
	rootObject = E8F79F762F3015AA00F51450 /* Project object */;
}
