// !$*UTF8*$!
{
	archiveVersion = 1;
	classes = {
	};
	objectVersion = 54;
	objects = {

/* Begin PBXAggregateTarget section */
		04B9FF1796BC1E6AE832A322 /* ZERO_CHECK */ = {
			isa = PBXAggregateTarget;
			buildConfigurationList = 65600F54DB784E6B806893CD /* Build configuration list for PBXAggregateTarget "ZERO_CHECK" */;
			buildPhases = (
				C2171C02FA7DA3CCE21E7AC9 /* Generate CMakeFiles/ZERO_CHECK */,
			);
			dependencies = (
			);
			name = ZERO_CHECK;
			productName = ZERO_CHECK;
		};
		24DE67C669D06314908FD264 /* ALL_BUILD */ = {
			isa = PBXAggregateTarget;
			buildConfigurationList = 295CB773BDD747EF9DC56814 /* Build configuration list for PBXAggregateTarget "ALL_BUILD" */;
			buildPhases = (
				D79140951FB0AD79D551CA4D /* Generate CMakeFiles/ALL_BUILD */,
			);
			dependencies = (
				30EFD0E940B5450993D1ED2E /* PBXTargetDependency */,
				C7734729AE774A9FA0E93562 /* PBXTargetDependency */,
			);
			name = ALL_BUILD;
			productName = ALL_BUILD;
		};
/* End PBXAggregateTarget section */

/* Begin PBXBuildFile section */
		6DB5B555D748421898C7FFE0 /* main.cpp in Sources */ = {isa = PBXBuildFile; fileRef = 9AA292EE69724C2698F90B22 /* main.cpp */; };
		805C1C8576154F818F94C04B /* game_engine.cpp in Sources */ = {isa = PBXBuildFile; fileRef = 846E1F66CD9741A4B4DE6726 /* game_engine.cpp */; };
/* End PBXBuildFile section */

/* Begin PBXContainerItemProxy section */
		4AF42E6FDEDF4120846AA4C9 /* PBXContainerItemProxy */ = {
			isa = PBXContainerItemProxy;
			containerPortal = F03D6AECF0A54176BE4161D9 /* Project object */;
			proxyType = 1;
			remoteGlobalIDString = 04B9FF1796BC1E6AE832A322;
			remoteInfo = ZERO_CHECK;
		};
		534541E4B7124ABCA42CB9E5 /* PBXContainerItemProxy */ = {
			isa = PBXContainerItemProxy;
			containerPortal = F03D6AECF0A54176BE4161D9 /* Project object */;
			proxyType = 1;
			remoteGlobalIDString = ADF71AE3DE1EE1D0DD8F571F;
			remoteInfo = game_engine_osx;
		};
		D474CE051EE64CE7AE67EC81 /* PBXContainerItemProxy */ = {
			isa = PBXContainerItemProxy;
			containerPortal = F03D6AECF0A54176BE4161D9 /* Project object */;
			proxyType = 1;
			remoteGlobalIDString = 04B9FF1796BC1E6AE832A322;
			remoteInfo = ZERO_CHECK;
		};
/* End PBXContainerItemProxy section */

/* Begin PBXFileReference section */
		6585902F43414F33B3D6E776 /* game_engine_osx */ = {isa = PBXFileReference; explicitFileType = "compiled.mach-o.executable"; path = game_engine_osx; sourceTree = BUILT_PRODUCTS_DIR; };
		846E1F66CD9741A4B4DE6726 /* game_engine.cpp */ = {isa = PBXFileReference; explicitFileType = sourcecode.cpp.cpp; fileEncoding = 4; path = game_engine.cpp; sourceTree = SOURCE_ROOT; };
		97D22128FE3D42F58009D906 /* CMakeLists.txt */ = {isa = PBXFileReference; explicitFileType = sourcecode.text; fileEncoding = 4; lastKnownFileType = text; path = CMakeLists.txt; sourceTree = SOURCE_ROOT; };
		9AA292EE69724C2698F90B22 /* main.cpp */ = {isa = PBXFileReference; explicitFileType = sourcecode.cpp.cpp; fileEncoding = 4; path = main.cpp; sourceTree = SOURCE_ROOT; };
		DBBC24760D7A4AA9B38FE8C6 /* CMakeLists.txt */ = {isa = PBXFileReference; explicitFileType = sourcecode.text; fileEncoding = 4; lastKnownFileType = text; path = CMakeLists.txt; sourceTree = SOURCE_ROOT; };
/* End PBXFileReference section */

/* Begin PBXFrameworksBuildPhase section */
		FE6C7A370D2042E4B800C288 /* Frameworks */ = {
			isa = PBXFrameworksBuildPhase;
			buildActionMask = 2147483647;
			files = (
			);
			runOnlyForDeploymentPostprocessing = 0;
		};
/* End PBXFrameworksBuildPhase section */

/* Begin PBXGroup section */
		289FAEE15A344D9CAC0CA63B /* ALL_BUILD */ = {
			isa = PBXGroup;
			children = (
				EF3A75AB90E348319E8CAD65 /* CMake Rules */,
				97D22128FE3D42F58009D906 /* CMakeLists.txt */,
			);
			name = ALL_BUILD;
			sourceTree = "<group>";
		};
		586C79E1554D466CBE8C77D3 = {
			isa = PBXGroup;
			children = (
				289FAEE15A344D9CAC0CA63B /* ALL_BUILD */,
				F909E4876A5C42C99358319A /* game_engine_osx */,
				8ECD1562843D4BE2871A9FE1 /* Products */,
				FA113DC0A17E4AFBB2303E8E /* Frameworks */,
				F5DF481B2BDA465EA321500F /* Resources */,
			);
			sourceTree = "<group>";
		};
		8ECD1562843D4BE2871A9FE1 /* Products */ = {
			isa = PBXGroup;
			children = (
				6585902F43414F33B3D6E776 /* game_engine_osx */,
			);
			name = Products;
			sourceTree = "<group>";
		};
		D9EBDE66253845C18EF7E9E8 /* Source Files */ = {
			isa = PBXGroup;
			children = (
				846E1F66CD9741A4B4DE6726 /* game_engine.cpp */,
				9AA292EE69724C2698F90B22 /* main.cpp */,
			);
			name = "Source Files";
			sourceTree = "<group>";
		};
		EF3A75AB90E348319E8CAD65 /* CMake Rules */ = {
			isa = PBXGroup;
			children = (
			);
			name = "CMake Rules";
			sourceTree = "<group>";
		};
		F5DF481B2BDA465EA321500F /* Resources */ = {
			isa = PBXGroup;
			children = (
			);
			name = Resources;
			sourceTree = "<group>";
		};
		F909E4876A5C42C99358319A /* game_engine_osx */ = {
			isa = PBXGroup;
			children = (
				D9EBDE66253845C18EF7E9E8 /* Source Files */,
				DBBC24760D7A4AA9B38FE8C6 /* CMakeLists.txt */,
			);
			name = game_engine_osx;
			sourceTree = "<group>";
		};
		FA113DC0A17E4AFBB2303E8E /* Frameworks */ = {
			isa = PBXGroup;
			children = (
			);
			name = Frameworks;
			sourceTree = "<group>";
		};
/* End PBXGroup section */

/* Begin PBXNativeTarget section */
		ADF71AE3DE1EE1D0DD8F571F /* game_engine_osx */ = {
			isa = PBXNativeTarget;
			buildConfigurationList = 5DD478BC07A949F5ACCBE66C /* Build configuration list for PBXNativeTarget "game_engine_osx" */;
			buildPhases = (
				DDCDAF7BBD6F47F586FFFB55 /* Sources */,
				FE6C7A370D2042E4B800C288 /* Frameworks */,
			);
			buildRules = (
			);
			dependencies = (
				3804E84C1067409793D90123 /* PBXTargetDependency */,
			);
			name = game_engine_osx;
			productName = game_engine_osx;
			productReference = 6585902F43414F33B3D6E776 /* game_engine_osx */;
			productType = "com.apple.product-type.tool";
		};
/* End PBXNativeTarget section */

/* Begin PBXProject section */
		F03D6AECF0A54176BE4161D9 /* Project object */ = {
			isa = PBXProject;
			attributes = {
				BuildIndependentTargetsInParallel = YES;
				LastUpgradeCheck = 2620;
			};
			buildConfigurationList = F9C71667EA204513B1198709 /* Build configuration list for PBXProject "GameEngine" */;
			compatibilityVersion = "Xcode 3.2";
			developmentRegion = en;
			hasScannedForEncodings = 0;
			knownRegions = (
				en,
				Base,
			);
			mainGroup = 586C79E1554D466CBE8C77D3;
			projectDirPath = "";
			projectRoot = "";
			targets = (
				24DE67C669D06314908FD264 /* ALL_BUILD */,
				ADF71AE3DE1EE1D0DD8F571F /* game_engine_osx */,
				04B9FF1796BC1E6AE832A322 /* ZERO_CHECK */,
			);
		};
/* End PBXProject section */

/* Begin PBXShellScriptBuildPhase section */
		C2171C02FA7DA3CCE21E7AC9 /* Generate CMakeFiles/ZERO_CHECK */ = {
			isa = PBXShellScriptBuildPhase;
			alwaysOutOfDate = 1;
			buildActionMask = 2147483647;
			files = (
			);
			inputPaths = (
			);
			name = "Generate CMakeFiles/ZERO_CHECK";
			outputPaths = (
				/Users/tuntun/Desktop/game_engine/game_engine_niezhe/CMakeFiles/ZERO_CHECK,
			);
			runOnlyForDeploymentPostprocessing = 0;
			shellPath = /bin/sh;
			shellScript = "set -e\nif test \"$CONFIGURATION\" = \"Release\"; then :\n  cd /Users/tuntun/Desktop/game_engine/game_engine_niezhe\n  make -f /Users/tuntun/Desktop/game_engine/game_engine_niezhe/CMakeScripts/ReRunCMake.make\nfi\nif test \"$CONFIGURATION\" = \"Debug\"; then :\n  cd /Users/tuntun/Desktop/game_engine/game_engine_niezhe\n  make -f /Users/tuntun/Desktop/game_engine/game_engine_niezhe/CMakeScripts/ReRunCMake.make\nfi\n";
			showEnvVarsInLog = 0;
		};
		D79140951FB0AD79D551CA4D /* Generate CMakeFiles/ALL_BUILD */ = {
			isa = PBXShellScriptBuildPhase;
			alwaysOutOfDate = 1;
			buildActionMask = 2147483647;
			files = (
			);
			inputPaths = (
			);
			name = "Generate CMakeFiles/ALL_BUILD";
			outputPaths = (
				/Users/tuntun/Desktop/game_engine/game_engine_niezhe/CMakeFiles/ALL_BUILD,
			);
			runOnlyForDeploymentPostprocessing = 0;
			shellPath = /bin/sh;
			shellScript = "set -e\nif test \"$CONFIGURATION\" = \"Release\"; then :\n  cd /Users/tuntun/Desktop/game_engine/game_engine_niezhe\n  echo Build\\ all\\ projects\nfi\nif test \"$CONFIGURATION\" = \"Debug\"; then :\n  cd /Users/tuntun/Desktop/game_engine/game_engine_niezhe\n  echo Build\\ all\\ projects\nfi\n";
			showEnvVarsInLog = 0;
		};
/* End PBXShellScriptBuildPhase section */

/* Begin PBXSourcesBuildPhase section */
		DDCDAF7BBD6F47F586FFFB55 /* Sources */ = {
			isa = PBXSourcesBuildPhase;
			buildActionMask = 2147483647;
			files = (
				805C1C8576154F818F94C04B /* game_engine.cpp in Sources */,
				6DB5B555D748421898C7FFE0 /* main.cpp in Sources */,
			);
			runOnlyForDeploymentPostprocessing = 0;
		};
/* End PBXSourcesBuildPhase section */

/* Begin PBXTargetDependency section */
		30EFD0E940B5450993D1ED2E /* PBXTargetDependency */ = {
			isa = PBXTargetDependency;
			target = ADF71AE3DE1EE1D0DD8F571F /* game_engine_osx */;
			targetProxy = 534541E4B7124ABCA42CB9E5 /* PBXContainerItemProxy */;
		};
		3804E84C1067409793D90123 /* PBXTargetDependency */ = {
			isa = PBXTargetDependency;
			target = 04B9FF1796BC1E6AE832A322 /* ZERO_CHECK */;
			targetProxy = 4AF42E6FDEDF4120846AA4C9 /* PBXContainerItemProxy */;
		};
		C7734729AE774A9FA0E93562 /* PBXTargetDependency */ = {
			isa = PBXTargetDependency;
			target = 04B9FF1796BC1E6AE832A322 /* ZERO_CHECK */;
			targetProxy = D474CE051EE64CE7AE67EC81 /* PBXContainerItemProxy */;
		};
/* End PBXTargetDependency section */

/* Begin XCBuildConfiguration section */
		0094943721CB4326BE232D2B /* Release */ = {
			isa = XCBuildConfiguration;
			buildSettings = {
				ALWAYS_SEARCH_USER_PATHS = NO;
				ARCHS = arm64;
				COMBINE_HIDPI_IMAGES = YES;
				CONFIGURATION_BUILD_DIR = /Users/tuntun/Desktop/game_engine/game_engine_niezhe/Release;
				EXECUTABLE_PREFIX = "";
				EXECUTABLE_SUFFIX = "";
				GCC_GENERATE_DEBUGGING_SYMBOLS = NO;
				GCC_INLINES_ARE_PRIVATE_EXTERN = NO;
				GCC_OPTIMIZATION_LEVEL = 3;
				GCC_PREFIX_HEADER = "";
				GCC_PREPROCESSOR_DEFINITIONS = (
					"'CMAKE_INTDIR=\"$(CONFIGURATION)$(EFFECTIVE_PLATFORM_NAME)\"'",
					"$(inherited)",
				);
				GCC_SYMBOLS_PRIVATE_EXTERN = NO;
				HEADER_SEARCH_PATHS = (
					"\"$(PROJECT_DIR)\"",
					"$(inherited)",
				);
				INSTALL_PATH = "";
				ONLY_ACTIVE_ARCH = NO;
				OTHER_CPLUSPLUSFLAGS = (
					"-DNDEBUG",
					"'-std=c++17'",
				);
				OTHER_LDFLAGS = (
					"-Wl,-search_paths_first",
					"-Wl,-headerpad_max_install_names",
					"$(inherited)",
				);
				OTHER_REZFLAGS = "";
				PRODUCT_NAME = game_engine_osx;
				SECTORDER_FLAGS = "";
				TARGET_TEMP_DIR = "/Users/tuntun/Desktop/game_engine/game_engine_niezhe/build/game_engine_osx.build/$(CONFIGURATION)$(EFFECTIVE_PLATFORM_NAME)";
				USER_HEADER_SEARCH_PATHS = "\"$(PROJECT_DIR)\"";
				USE_HEADERMAP = NO;
				WARNING_CFLAGS = "$(inherited)";
			};
			name = Release;
		};
		3FD11485750B4A1496DFF7B0 /* Release */ = {
			isa = XCBuildConfiguration;
			buildSettings = {
				ALWAYS_SEARCH_USER_PATHS = NO;
				ARCHS = arm64;
				COMBINE_HIDPI_IMAGES = YES;
				GCC_GENERATE_DEBUGGING_SYMBOLS = YES;
				GCC_INLINES_ARE_PRIVATE_EXTERN = NO;
				GCC_OPTIMIZATION_LEVEL = 0;
				GCC_PREPROCESSOR_DEFINITIONS = (
					"'CMAKE_INTDIR=\"$(CONFIGURATION)$(EFFECTIVE_PLATFORM_NAME)\"'",
					"$(inherited)",
				);
				GCC_SYMBOLS_PRIVATE_EXTERN = NO;
				INSTALL_PATH = "";
				ONLY_ACTIVE_ARCH = NO;
				OTHER_LDFLAGS = " $(inherited)";
				OTHER_REZFLAGS = "";
				PRODUCT_NAME = ZERO_CHECK;
				SECTORDER_FLAGS = "";
				USE_HEADERMAP = NO;
				WARNING_CFLAGS = "$(inherited)";
			};
			name = Release;
		};
		5EC2E232D2F3453282788F69 /* Debug */ = {
			isa = XCBuildConfiguration;
			buildSettings = {
				ALWAYS_SEARCH_USER_PATHS = NO;
				ARCHS = arm64;
				COMBINE_HIDPI_IMAGES = YES;
				CONFIGURATION_BUILD_DIR = /Users/tuntun/Desktop/game_engine/game_engine_niezhe/Debug;
				EXECUTABLE_PREFIX = "";
				EXECUTABLE_SUFFIX = "";
				GCC_GENERATE_DEBUGGING_SYMBOLS = YES;
				GCC_INLINES_ARE_PRIVATE_EXTERN = NO;
				GCC_OPTIMIZATION_LEVEL = 0;
				GCC_PREFIX_HEADER = "";
				GCC_PREPROCESSOR_DEFINITIONS = (
					"'CMAKE_INTDIR=\"$(CONFIGURATION)$(EFFECTIVE_PLATFORM_NAME)\"'",
					"$(inherited)",
				);
				GCC_SYMBOLS_PRIVATE_EXTERN = NO;
				HEADER_SEARCH_PATHS = (
					"\"$(PROJECT_DIR)\"",
					"$(inherited)",
				);
				INSTALL_PATH = "";
				ONLY_ACTIVE_ARCH = NO;
				OTHER_CPLUSPLUSFLAGS = "   '-std=c++17' ";
				OTHER_LDFLAGS = (
					"-Wl,-search_paths_first",
					"-Wl,-headerpad_max_install_names",
					"$(inherited)",
				);
				OTHER_REZFLAGS = "";
				PRODUCT_NAME = game_engine_osx;
				SECTORDER_FLAGS = "";
				TARGET_TEMP_DIR = "/Users/tuntun/Desktop/game_engine/game_engine_niezhe/build/game_engine_osx.build/$(CONFIGURATION)$(EFFECTIVE_PLATFORM_NAME)";
				USER_HEADER_SEARCH_PATHS = "\"$(PROJECT_DIR)\"";
				USE_HEADERMAP = NO;
				WARNING_CFLAGS = "$(inherited)";
			};
			name = Debug;
		};
		98EA884CB3E641EF9A429766 /* Release */ = {
			isa = XCBuildConfiguration;
			buildSettings = {
				ALWAYS_SEARCH_USER_PATHS = NO;
				ARCHS = arm64;
				COMBINE_HIDPI_IMAGES = YES;
				GCC_GENERATE_DEBUGGING_SYMBOLS = YES;
				GCC_INLINES_ARE_PRIVATE_EXTERN = NO;
				GCC_OPTIMIZATION_LEVEL = 0;
				GCC_PREPROCESSOR_DEFINITIONS = (
					"'CMAKE_INTDIR=\"$(CONFIGURATION)$(EFFECTIVE_PLATFORM_NAME)\"'",
					"$(inherited)",
				);
				GCC_SYMBOLS_PRIVATE_EXTERN = NO;
				INSTALL_PATH = "";
				ONLY_ACTIVE_ARCH = NO;
				OTHER_LDFLAGS = " $(inherited)";
				OTHER_REZFLAGS = "";
				PRODUCT_NAME = ALL_BUILD;
				SECTORDER_FLAGS = "";
				USE_HEADERMAP = NO;
				WARNING_CFLAGS = "$(inherited)";
			};
			name = Release;
		};
		9C58E4FF6F064C2493D86576 /* Debug */ = {
			isa = XCBuildConfiguration;
			buildSettings = {
				ALWAYS_SEARCH_USER_PATHS = NO;
				ARCHS = arm64;
				COMBINE_HIDPI_IMAGES = YES;
				GCC_GENERATE_DEBUGGING_SYMBOLS = YES;
				GCC_INLINES_ARE_PRIVATE_EXTERN = NO;
				GCC_OPTIMIZATION_LEVEL = 0;
				GCC_PREPROCESSOR_DEFINITIONS = (
					"'CMAKE_INTDIR=\"$(CONFIGURATION)$(EFFECTIVE_PLATFORM_NAME)\"'",
					"$(inherited)",
				);
				GCC_SYMBOLS_PRIVATE_EXTERN = NO;
				INSTALL_PATH = "";
				ONLY_ACTIVE_ARCH = NO;
				OTHER_LDFLAGS = " $(inherited)";
				OTHER_REZFLAGS = "";
				PRODUCT_NAME = ZERO_CHECK;
				SECTORDER_FLAGS = "";
				USE_HEADERMAP = NO;
				WARNING_CFLAGS = "$(inherited)";
			};
			name = Debug;
		};
		AC1B5E0151E44150ADD93BBF /* Debug */ = {
			isa = XCBuildConfiguration;
			buildSettings = {
				ALWAYS_SEARCH_USER_PATHS = NO;
				ARCHS = arm64;
				COMBINE_HIDPI_IMAGES = YES;
				GCC_GENERATE_DEBUGGING_SYMBOLS = YES;
				GCC_INLINES_ARE_PRIVATE_EXTERN = NO;
				GCC_OPTIMIZATION_LEVEL = 0;
				GCC_PREPROCESSOR_DEFINITIONS = (
					"'CMAKE_INTDIR=\"$(CONFIGURATION)$(EFFECTIVE_PLATFORM_NAME)\"'",
					"$(inherited)",
				);
				GCC_SYMBOLS_PRIVATE_EXTERN = NO;
				INSTALL_PATH = "";
				ONLY_ACTIVE_ARCH = NO;
				OTHER_LDFLAGS = " $(inherited)";
				OTHER_REZFLAGS = "";
				PRODUCT_NAME = ALL_BUILD;
				SECTORDER_FLAGS = "";
				USE_HEADERMAP = NO;
				WARNING_CFLAGS = "$(inherited)";
			};
			name = Debug;
		};
		AE9F77B68992445892EB734A /* Release */ = {
			isa = XCBuildConfiguration;
			buildSettings = {
				ARCHS = arm64;
				CODE_SIGNING_ALLOWED = NO;
				CODE_SIGN_IDENTITY = "";
				MACOSX_DEPLOYMENT_TARGET = 15.7;
				SDKROOT = "";
				SWIFT_COMPILATION_MODE = wholemodule;
				SYMROOT = /Users/tuntun/Desktop/game_engine/game_engine_niezhe/build;
			};
			name = Release;
		};
		C6EE38A435E84F36B2BFDD62 /* Debug */ = {
			isa = XCBuildConfiguration;
			buildSettings = {
				ARCHS = arm64;
				CODE_SIGNING_ALLOWED = NO;
				CODE_SIGN_IDENTITY = "";
				MACOSX_DEPLOYMENT_TARGET = 15.7;
				SDKROOT = "";
				SYMROOT = /Users/tuntun/Desktop/game_engine/game_engine_niezhe/build;
			};
			name = Debug;
		};
/* End XCBuildConfiguration section */

/* Begin XCConfigurationList section */
		295CB773BDD747EF9DC56814 /* Build configuration list for PBXAggregateTarget "ALL_BUILD" */ = {
			isa = XCConfigurationList;
			buildConfigurations = (
				98EA884CB3E641EF9A429766 /* Release */,
				AC1B5E0151E44150ADD93BBF /* Debug */,
			);
			defaultConfigurationIsVisible = 0;
			defaultConfigurationName = Release;
		};
		5DD478BC07A949F5ACCBE66C /* Build configuration list for PBXNativeTarget "game_engine_osx" */ = {
			isa = XCConfigurationList;
			buildConfigurations = (
				0094943721CB4326BE232D2B /* Release */,
				5EC2E232D2F3453282788F69 /* Debug */,
			);
			defaultConfigurationIsVisible = 0;
			defaultConfigurationName = Release;
		};
		65600F54DB784E6B806893CD /* Build configuration list for PBXAggregateTarget "ZERO_CHECK" */ = {
			isa = XCConfigurationList;
			buildConfigurations = (
				3FD11485750B4A1496DFF7B0 /* Release */,
				9C58E4FF6F064C2493D86576 /* Debug */,
			);
			defaultConfigurationIsVisible = 0;
			defaultConfigurationName = Release;
		};
		F9C71667EA204513B1198709 /* Build configuration list for PBXProject "GameEngine" */ = {
			isa = XCConfigurationList;
			buildConfigurations = (
				AE9F77B68992445892EB734A /* Release */,
				C6EE38A435E84F36B2BFDD62 /* Debug */,
			);
			defaultConfigurationIsVisible = 0;
			defaultConfigurationName = Release;
		};
/* End XCConfigurationList section */
	};
	rootObject = F03D6AECF0A54176BE4161D9 /* Project object */;
}
